
Microsoft Visual Studio Solution File, Format Version 12.00
# Visual Studio Version 17
VisualStudioVersion = 17.11.35312.102
MinimumVisualStudioVersion = 10.0.40219.1
Project("{9A19103F-16F7-4668-BE54-9A1E7A4F7556}") = "BlazorFizzBuzz", "BlazorFizzBuzz.csproj", "{85B48F43-A023-4557-B493-A736C56B492B}"
EndProject
Global
	GlobalSection(SolutionConfigurationPlatforms) = preSolution
		Debug|Any CPU = Debug|Any CPU
		Release|Any CPU = Release|Any CPU
	EndGlobalSection
	GlobalSection(ProjectConfigurationPlatforms) = postSolution
		{85B48F43-A023-4557-B493-A736C56B492B}.Debug|Any CPU.ActiveCfg = Debug|Any CPU
		{85B48F43-A023-4557-B493-A736C56B492B}.Debug|Any CPU.Build.0 = Debug|Any CPU
		{85B48F43-A023-4557-B493-A736C56B492B}.Release|Any CPU.ActiveCfg = Release|Any CPU
		{85B48F43-A023-4557-B493-A736C56B492B}.Release|Any CPU.Build.0 = Release|Any CPU
	EndGlobalSection
	GlobalSection(SolutionProperties) = preSolution
		HideSolutionNode = FALSE
	EndGlobalSection
	GlobalSection(ExtensibilityGlobals) = postSolution
		SolutionGuid = {8730CD10-3B83-4DB5-8E4A-E8E3FF8FAB0D}
	EndGlobalSection
EndGlobal
